
Microsoft Visual Studio Solution File, Format Version 12.00
# Visual Studio 14
VisualStudioVersion = 14.0.25123.0
MinimumVisualStudioVersion = 10.0.40219.1
Project("{FAE04EC0-301F-11D3-BF4B-00C04F79EFBC}") = "vanclSpider", "vanclSpider\vanclSpider.csproj", "{8907C835-C778-4FFC-9E0F-420AFFC71F9D}"
EndProject
Project("{FAE04EC0-301F-11D3-BF4B-00C04F79EFBC}") = "vanclSpiderConsole", "vanclSpiderConsole\vanclSpiderConsole.csproj", "{E2384FC2-92FE-4111-A74F-B6E3CFFAF14F}"
EndProject
Project("{FAE04EC0-301F-11D3-BF4B-00C04F79EFBC}") = "ZaraSpider", "ZaraSpider\ZaraSpider.csproj", "{D3EBEBCB-5105-4715-977D-F1EFD80EFDBB}"
EndProject
Project("{FAE04EC0-301F-11D3-BF4B-00C04F79EFBC}") = "HMSpider", "HMSpider\HMSpider.csproj", "{AB2CFED3-DAA1-4796-BA00-691A96D70370}"
EndProject
Global
	GlobalSection(SolutionConfigurationPlatforms) = preSolution
		Debug|Any CPU = Debug|Any CPU
		Release|Any CPU = Release|Any CPU
	EndGlobalSection
	GlobalSection(ProjectConfigurationPlatforms) = postSolution
		{8907C835-C778-4FFC-9E0F-420AFFC71F9D}.Debug|Any CPU.ActiveCfg = Debug|Any CPU
		{8907C835-C778-4FFC-9E0F-420AFFC71F9D}.Debug|Any CPU.Build.0 = Debug|Any CPU
		{8907C835-C778-4FFC-9E0F-420AFFC71F9D}.Release|Any CPU.ActiveCfg = Release|Any CPU
		{8907C835-C778-4FFC-9E0F-420AFFC71F9D}.Release|Any CPU.Build.0 = Release|Any CPU
		{E2384FC2-92FE-4111-A74F-B6E3CFFAF14F}.Debug|Any CPU.ActiveCfg = Debug|Any CPU
		{E2384FC2-92FE-4111-A74F-B6E3CFFAF14F}.Debug|Any CPU.Build.0 = Debug|Any CPU
		{E2384FC2-92FE-4111-A74F-B6E3CFFAF14F}.Release|Any CPU.ActiveCfg = Release|Any CPU
		{E2384FC2-92FE-4111-A74F-B6E3CFFAF14F}.Release|Any CPU.Build.0 = Release|Any CPU
		{D3EBEBCB-5105-4715-977D-F1EFD80EFDBB}.Debug|Any CPU.ActiveCfg = Debug|Any CPU
		{D3EBEBCB-5105-4715-977D-F1EFD80EFDBB}.Debug|Any CPU.Build.0 = Debug|Any CPU
		{D3EBEBCB-5105-4715-977D-F1EFD80EFDBB}.Release|Any CPU.ActiveCfg = Release|Any CPU
		{D3EBEBCB-5105-4715-977D-F1EFD80EFDBB}.Release|Any CPU.Build.0 = Release|Any CPU
		{AB2CFED3-DAA1-4796-BA00-691A96D70370}.Debug|Any CPU.ActiveCfg = Debug|Any CPU
		{AB2CFED3-DAA1-4796-BA00-691A96D70370}.Debug|Any CPU.Build.0 = Debug|Any CPU
		{AB2CFED3-DAA1-4796-BA00-691A96D70370}.Release|Any CPU.ActiveCfg = Release|Any CPU
		{AB2CFED3-DAA1-4796-BA00-691A96D70370}.Release|Any CPU.Build.0 = Release|Any CPU
	EndGlobalSection
	GlobalSection(SolutionProperties) = preSolution
		HideSolutionNode = FALSE
	EndGlobalSection
EndGlobal
